
Microsoft Visual Studio Solution File, Format Version 12.00
Project("{FAE04EC0-301F-11D3-BF4B-00C04F79EFBC}") = "AppTracker", "AppTracker\AppTracker.csproj", "{D1FD6788-65B3-4E1F-95C3-86B97A94A045}"
EndProject
Global
	GlobalSection(SolutionConfigurationPlatforms) = preSolution
		Debug|Any CPU = Debug|Any CPU
		Release|Any CPU = Release|Any CPU
	EndGlobalSection
	GlobalSection(ProjectConfigurationPlatforms) = postSolution
		{D1FD6788-65B3-4E1F-95C3-86B97A94A045}.Debug|Any CPU.ActiveCfg = Debug|Any CPU
		{D1FD6788-65B3-4E1F-95C3-86B97A94A045}.Debug|Any CPU.Build.0 = Debug|Any CPU
		{D1FD6788-65B3-4E1F-95C3-86B97A94A045}.Release|Any CPU.ActiveCfg = Release|Any CPU
		{D1FD6788-65B3-4E1F-95C3-86B97A94A045}.Release|Any CPU.Build.0 = Release|Any CPU
	EndGlobalSection
EndGlobal
